
Microsoft Visual Studio Solution File, Format Version 12.00
# Visual Studio Version 17
VisualStudioVersion = 17.7.34202.233
MinimumVisualStudioVersion = 10.0.40219.1
Project("{9A19103F-16F7-4668-BE54-9A1E7A4F7556}") = "Nop.Plugin.Mesut.ProductPriceManager", "Nop.Plugin.Mesut.ProductPriceManager.csproj", "{CF5CAD87-4599-431B-A46C-E8542F47A162}"
EndProject
Global
	GlobalSection(SolutionConfigurationPlatforms) = preSolution
		Debug|Any CPU = Debug|Any CPU
		Release|Any CPU = Release|Any CPU
	EndGlobalSection
	GlobalSection(ProjectConfigurationPlatforms) = postSolution
		{CF5CAD87-4599-431B-A46C-E8542F47A162}.Debug|Any CPU.ActiveCfg = Debug|Any CPU
		{CF5CAD87-4599-431B-A46C-E8542F47A162}.Debug|Any CPU.Build.0 = Debug|Any CPU
		{CF5CAD87-4599-431B-A46C-E8542F47A162}.Release|Any CPU.ActiveCfg = Release|Any CPU
		{CF5CAD87-4599-431B-A46C-E8542F47A162}.Release|Any CPU.Build.0 = Release|Any CPU
	EndGlobalSection
	GlobalSection(SolutionProperties) = preSolution
		HideSolutionNode = FALSE
	EndGlobalSection
	GlobalSection(ExtensibilityGlobals) = postSolution
		SolutionGuid = {DC7EBE2C-9358-4A42-A4CC-43B91BCDD4EA}
	EndGlobalSection
EndGlobal
